
Microsoft Visual Studio Solution File, Format Version 12.00
# Visual Studio Version 16
VisualStudioVersion = 16.0.30104.148
MinimumVisualStudioVersion = 10.0.40219.1
Project("{9A19103F-16F7-4668-BE54-9A1E7A4F7556}") = "ExecutiveService", "ExecutiveService\ExecutiveService.csproj", "{9EDAD439-FC8D-4EFF-A0F2-0C051514650E}"
EndProject
Project("{9A19103F-16F7-4668-BE54-9A1E7A4F7556}") = "Hypergiant.HIVE.Core", "..\common\Hypergiant.HIVE.Core\Hypergiant.HIVE.Core.csproj", "{D74C1F1C-8FB2-4E21-8664-151EB9F5DCEA}"
EndProject
Project("{9A19103F-16F7-4668-BE54-9A1E7A4F7556}") = "TrekCfdpToolkit.Test", "..\test\TrekCfdpToolkit.Test\TrekCfdpToolkit.Test.csproj", "{10387E58-6171-4161-972F-DA1569DDCF4A}"
EndProject
Global
	GlobalSection(SolutionConfigurationPlatforms) = preSolution
		Debug|Any CPU = Debug|Any CPU
		Release|Any CPU = Release|Any CPU
	EndGlobalSection
	GlobalSection(ProjectConfigurationPlatforms) = postSolution
		{9EDAD439-FC8D-4EFF-A0F2-0C051514650E}.Debug|Any CPU.ActiveCfg = Debug|Any CPU
		{9EDAD439-FC8D-4EFF-A0F2-0C051514650E}.Debug|Any CPU.Build.0 = Debug|Any CPU
		{9EDAD439-FC8D-4EFF-A0F2-0C051514650E}.Release|Any CPU.ActiveCfg = Release|Any CPU
		{9EDAD439-FC8D-4EFF-A0F2-0C051514650E}.Release|Any CPU.Build.0 = Release|Any CPU
		{D74C1F1C-8FB2-4E21-8664-151EB9F5DCEA}.Debug|Any CPU.ActiveCfg = Debug|Any CPU
		{D74C1F1C-8FB2-4E21-8664-151EB9F5DCEA}.Debug|Any CPU.Build.0 = Debug|Any CPU
		{D74C1F1C-8FB2-4E21-8664-151EB9F5DCEA}.Release|Any CPU.ActiveCfg = Release|Any CPU
		{D74C1F1C-8FB2-4E21-8664-151EB9F5DCEA}.Release|Any CPU.Build.0 = Release|Any CPU
		{10387E58-6171-4161-972F-DA1569DDCF4A}.Debug|Any CPU.ActiveCfg = Debug|Any CPU
		{10387E58-6171-4161-972F-DA1569DDCF4A}.Debug|Any CPU.Build.0 = Debug|Any CPU
		{10387E58-6171-4161-972F-DA1569DDCF4A}.Release|Any CPU.ActiveCfg = Release|Any CPU
		{10387E58-6171-4161-972F-DA1569DDCF4A}.Release|Any CPU.Build.0 = Release|Any CPU
	EndGlobalSection
	GlobalSection(SolutionProperties) = preSolution
		HideSolutionNode = FALSE
	EndGlobalSection
	GlobalSection(ExtensibilityGlobals) = postSolution
		SolutionGuid = {B6195281-944C-437D-A99C-B8561A2CA537}
	EndGlobalSection
EndGlobal
